github.com/beorn7/perks v1.0.1 h1:VlbKKnNfV8bJzeqoa4cOKqO6bYr3WgKZxO8Z16+hsOM=
github.com/beorn7/perks v1.0.1/go.mod h1:G2ZrVWU2WbWT9wwq4/hrbKbnv/1ERSJQ0ibhJ6rlkpw=
github.com/cenkalti/backoff/v4 v4.3.0 h1:MyRJ/UdXutAwSAT+s3wNd7MfTIcy71VQueUuFK343L8=
github.com/cenkalti/backoff/v4 v4.3.0/go.mod h1:Y3VNntkOUPxTVeUxJ/G5vcM//AlwfmyYozVcomhLiZE=
github.com/cespare/xxhash/v2 v2.3.0 h1:UL815xU9SqsFlibzuggzjXhog7bL6oX9BbNZnL2UFvs=
github.com/cespare/xxhash/v2 v2.3.0/go.mod h1:VGX0DQ3Q6kWi7AoAeZDth3/j3BFtOZR5XLFGgcrjCOs=
github.com/coreos/go-systemd/v22 v22.5.0/go.mod h1:Y58oyj3AT4RCenI/lSvhwexgC+NSVTIJ3seZv2GcEnc=
github.com/davecgh/go-spew v1.1.1 h1:vj9j/u1bqnvCEfJOwUhtlOARqs3+rkHYY13jYWTU97c=
github.com/davecgh/go-spew v1.1.1/go.mod h1:J7Y8YcW2NihsgmVo/mv3lAwl/skON4iLHjSsI+c5H38=
github.com/felixge/httpsnoop v1.0.4 h1:NFTV2Zj1bL4mc9sqWACXbQFVBBg2W3GPvqp8/ESS2Wg=
github.com/felixge/httpsnoop v1.0.4/go.mod h1:m8KPJKqk1gH5J9DgRY2ASl2lWCfGKXixSwevea8zH2U=
github.com/go-logr/logr v1.2.2/go.mod h1:jdQByPbusPIv2/zmleS9BjJVeZ6kBagPoEUsqbVz/1A=
github.com/go-logr/logr v1.4.2 h1:6pFjapn8bFcIbiKo3XT4j/BhANplGihG6tvd+8rYgrY=
github.com/go-logr/logr v1.4.2/go.mod h1:9T104GzyrTigFIr8wt5mBrctHMim0Nb2HLGrmQ40KvY=
github.com/go-logr/stdr v1.2.2 h1:hSWxHoqTgW2S2qGc0LTAI563KZ5YKYRhT3MFKZMbjag=
github.com/go-logr/stdr v1.2.2/go.mod h1:mMo/vtBO5dYbehREoey6XUKy/eSumjCCveDpRre4VKE=
github.com/go-pogo/buildinfo v0.7.1 h1:8e4qJvxHAdsqukzpGCIpGYo78Mfnq0tuZ+Sa0e+1SPc=
github.com/go-pogo/buildinfo v0.7.1/go.mod h1:4AoF1dpSO5DpVn2ctdKu34M0YpRz3Uu3KPTN3jTCuGk=
github.com/go-pogo/easytls v0.1.1 h1:Dgv2GV/7J5HPbetaMDKp8znZcttQQxoAdkLEta5nnUA=
github.com/go-pogo/easytls v0.1.1/go.mod h1:zwr7PlGGwlgr3fDrnt/L8puJR/ewvhc0Ga4unwNL+rg=
github.com/go-pogo/env v0.4.5 h1:wYcrlLDeIgPpNSHG0U8keyQPnVFIcfhUKrnfSKMvS8I=
github.com/go-pogo/env v0.4.5/go.mod h1:myqvw4FOCsNvurulb3YlWISzbUFturO/OfimPYOPUGk=
github.com/go-pogo/errors v0.11.0 h1:C8MV298ihwm4wTIZRSiv0qmB2f8LOCx/+rWBX+V9spA=
github.com/go-pogo/errors v0.11.0/go.mod h1:siGu70A3ZN66hrvkQuK+t3O5eB7kquLnaw52L2IBtYg=
github.com/go-pogo/healthcheck v0.1.1 h1:lsj/PUyW4jH6IqdBGLhlNuNOAeBlDOqKHh/q3dOu5NI=
github.com/go-pogo/healthcheck v0.1.1/go.mod h1:2qU05DUHpB4cxW+7qFCsRWjvkkHEAGTKx5IuUqFnTMw=
github.com/go-pogo/rawconv v0.6.0 h1:pZKl10gPgiDinclSEG4Lfe+CYkeDK39XGHMpUZDsfCk=
github.com/go-pogo/rawconv v0.6.0/go.mod h1:fur2WrV1naaFEg3gCjVe8CRMj+0o3rYY7VYEZb/pESc=
github.com/go-pogo/serv v0.4.0 h1:v2D4a6HSAdw6mDgauutaUifTCYbQBtyLAs1QLQJbZBQ=
github.com/go-pogo/serv v0.4.0/go.mod h1:dEWDiEyaKHI6nKC6bBLCCcUZGJSdDwPyuWZlFm/+RCM=
github.com/go-pogo/telemetry v0.1.3 h1:3TcSCZeAqQypR019yMU2fG8Vdzz8pqJCZp4hdNEiLL0=
github.com/go-pogo/telemetry v0.1.3/go.mod h1:3ArE+SkkcKvi27F5TaPUks0lr+S9wsur1QKoxrTJm30=
github.com/go-pogo/writing v0.2.0 h1:MzDFJdvVuBdt5oCfzASUJ0NQbmuKH/7h7cE4bkVVuaI=
github.com/go-pogo/writing v0.2.0/go.mod h1:TSPLREl8jvEQmEz2uyLxkrunfJCEbAGTxYKAs5mM8mU=
github.com/goccy/go-json v0.10.3 h1:KZ5WoDbxAIgm2HNbYckL0se1fHD6rz5j4ywS6ebzDqA=
github.com/goccy/go-json v0.10.3/go.mod h1:oq7eo15ShAhp70Anwd5lgX2pLfOS3QCiwU/PULtXL6M=
github.com/godbus/dbus/v5 v5.0.4/go.mod h1:xhWf0FNVPg57R7Z0UbKHbJfkEywrmjJnf7w5xrFpKfA=
github.com/google/go-cmp v0.6.0 h1:ofyhxvXcZhMsU5ulbFiLKl/XBFqE1GSq7atu8tAmTRI=
github.com/google/go-cmp v0.6.0/go.mod h1:17dUlkBOakJ0+DkrSSNjCkIjxS6bF9zb3elmeNGIjoY=
github.com/grpc-ecosystem/grpc-gateway/v2 v2.20.0 h1:bkypFPDjIYGfCYD5mRBvpqxfYX1YCS1PXdKYWi8FsN0=
github.com/grpc-ecosystem/grpc-gateway/v2 v2.20.0/go.mod h1:P+Lt/0by1T8bfcF3z737NnSbmxQAppXMRziHUxPOC8k=
github.com/mattn/go-colorable v0.1.13 h1:fFA4WZxdEF4tXPZVKMLwD8oUnCTTo08duU7wxecdEvA=
github.com/mattn/go-colorable v0.1.13/go.mod h1:7S9/ev0klgBDR4GtXTXX8a3vIGJpMovkB8vQcUbaXHg=
github.com/mattn/go-isatty v0.0.16/go.mod h1:kYGgaQfpe5nmfYZH+SKPsOc2e4SrIfOl2e/yFXSvRLM=
github.com/mattn/go-isatty v0.0.19/go.mod h1:W+V8PltTTMOvKvAeJH7IuucS94S2C6jfK/D7dTCTo3Y=
github.com/mattn/go-isatty v0.0.20 h1:xfD0iDuEKnDkl03q4limB+vH+GxLEtL/jb4xVJSWWEY=
github.com/mattn/go-isatty v0.0.20/go.mod h1:W+V8PltTTMOvKvAeJH7IuucS94S2C6jfK/D7dTCTo3Y=
github.com/pkg/errors v0.9.1/go.mod h1:bwawxfHBFNV+L2hUp1rHADufV3IMtnDRdf1r5NINEl0=
github.com/pmezard/go-difflib v1.0.0 h1:4DBwDE0NGyQoBHbLQYPwSUPoCMWR5BEzIk/f1lZbAQM=
github.com/pmezard/go-difflib v1.0.0/go.mod h1:iKH77koFhYxTK1pcRnkKkqfTogsbg7gZNVY4sRDYZ/4=
github.com/prometheus/client_golang v1.19.1 h1:wZWJDwK+NameRJuPGDhlnFgx8e8HN3XHQeLaYJFJBOE=
github.com/prometheus/client_golang v1.19.1/go.mod h1:mP78NwGzrVks5S2H6ab8+ZZGJLZUq1hoULYBAYBw1Ho=
github.com/prometheus/client_model v0.6.1 h1:ZKSh/rekM+n3CeS952MLRAdFwIKqeY8b62p8ais2e9E=
github.com/prometheus/client_model v0.6.1/go.mod h1:OrxVMOVHjw3lKMa8+x6HeMGkHMQyHDk9E3jmP2AmGiY=
github.com/prometheus/common v0.54.0 h1:ZlZy0BgJhTwVZUn7dLOkwCZHUkrAqd3WYtcFCWnM1D8=
github.com/prometheus/common v0.54.0/go.mod h1:/TQgMJP5CuVYveyT7n/0Ix8yLNNXy9yRSkhnLTHPDIQ=
github.com/prometheus/procfs v0.15.1 h1:YagwOFzUgYfKKHX6Dr+sHT7km/hxC76UB0learggepc=
github.com/prometheus/procfs v0.15.1/go.mod h1:fB45yRUv8NstnjriLhBQLuOUt+WW4BsoGhij/e3PBqk=
github.com/roeldev/youless-client v0.0.0-20240614190306-572670d09f06 h1:5DTg/I3lG8iDtteSzxwrCAmWT4K0xr1quqnybYJV5sY=
github.com/roeldev/youless-client v0.0.0-20240614190306-572670d09f06/go.mod h1:AkXQsVtXKNFzAGq62t4hnUzh1FxV4gPXwcrLRzrBkhc=
github.com/rs/xid v1.5.0/go.mod h1:trrq9SKmegXys3aeAKXMUTdJsYXVwGY3RLcfgqegfbg=
github.com/rs/zerolog v1.33.0 h1:1cU2KZkvPxNyfgEmhHAz/1A9Bz+llsdYzklWFzgp0r8=
github.com/rs/zerolog v1.33.0/go.mod h1:/7mN4D5sKwJLZQ2b/znpjC3/GQWY/xaDXUM0kKWRHss=
github.com/stretchr/testify v1.9.0 h1:HtqpIVDClZ4nwg75+f6Lvsy/wHu+3BoSGCbBAcpTsTg=
github.com/stretchr/testify v1.9.0/go.mod h1:r2ic/lqez/lEtzL7wO/rwa5dbSLXVDPFyf8C91i36aY=
go.opentelemetry.io/contrib/instrumentation/net/http/otelhttp v0.52.0 h1:9l89oX4ba9kHbBol3Xin3leYJ+252h0zszDtBwyKe2A=
go.opentelemetry.io/contrib/instrumentation/net/http/otelhttp v0.52.0/go.mod h1:XLZfZboOJWHNKUv7eH0inh0E9VV6eWDFB/9yJyTLPp0=
go.opentelemetry.io/contrib/instrumentation/runtime v0.52.0 h1:UaQVCH34fQsyDjlgS0L070Kjs9uCrLKoQfzn2Nl7XTY=
go.opentelemetry.io/contrib/instrumentation/runtime v0.52.0/go.mod h1:Ks4aHdMgu1vAfEY0cIBHcGx2l1S0+PwFm2BE/HRzqSk=
go.opentelemetry.io/otel v1.27.0 h1:9BZoF3yMK/O1AafMiQTVu0YDj5Ea4hPhxCs7sGva+cg=
go.opentelemetry.io/otel v1.27.0/go.mod h1:DMpAK8fzYRzs+bi3rS5REupisuqTheUlSZJ1WnZaPAQ=
go.opentelemetry.io/otel/exporters/otlp/otlpmetric/otlpmetricgrpc v1.27.0 h1:bFgvUr3/O4PHj3VQcFEuYKvRZJX1SJDQ+11JXuSB3/w=
go.opentelemetry.io/otel/exporters/otlp/otlpmetric/otlpmetricgrpc v1.27.0/go.mod h1:xJntEd2KL6Qdg5lwp97HMLQDVeAhrYxmzFseAMDPQ8I=
go.opentelemetry.io/otel/exporters/otlp/otlptrace v1.27.0 h1:R9DE4kQ4k+YtfLI2ULwX82VtNQ2J8yZmA7ZIF/D+7Mc=
go.opentelemetry.io/otel/exporters/otlp/otlptrace v1.27.0/go.mod h1:OQFyQVrDlbe+R7xrEyDr/2Wr67Ol0hRUgsfA+V5A95s=
go.opentelemetry.io/otel/exporters/otlp/otlptrace/otlptracegrpc v1.27.0 h1:qFffATk0X+HD+f1Z8lswGiOQYKHRlzfmdJm0wEaVrFA=
go.opentelemetry.io/otel/exporters/otlp/otlptrace/otlptracegrpc v1.27.0/go.mod h1:MOiCmryaYtc+V0Ei+Tx9o5S1ZjA7kzLucuVuyzBZloQ=
go.opentelemetry.io/otel/exporters/prometheus v0.49.0 h1:Er5I1g/YhfYv9Affk9nJLfH/+qCCVVg1f2R9AbJfqDQ=
go.opentelemetry.io/otel/exporters/prometheus v0.49.0/go.mod h1:KfQ1wpjf3zsHjzP149P4LyAwWRupc6c7t1ZJ9eXpKQM=
go.opentelemetry.io/otel/exporters/stdout/stdouttrace v1.27.0 h1:/0YaXu3755A/cFbtXp+21lkXgI0QE5avTWA2HjU9/WE=
go.opentelemetry.io/otel/exporters/stdout/stdouttrace v1.27.0/go.mod h1:m7SFxp0/7IxmJPLIY3JhOcU9CoFzDaCPL6xxQIxhA+o=
go.opentelemetry.io/otel/metric v1.27.0 h1:hvj3vdEKyeCi4YaYfNjv2NUje8FqKqUY8IlF0FxV/ik=
go.opentelemetry.io/otel/metric v1.27.0/go.mod h1:mVFgmRlhljgBiuk/MP/oKylr4hs85GZAylncepAX/ak=
go.opentelemetry.io/otel/sdk v1.27.0 h1:mlk+/Y1gLPLn84U4tI8d3GNJmGT/eXe3ZuOXN9kTWmI=
go.opentelemetry.io/otel/sdk v1.27.0/go.mod h1:Ha9vbLwJE6W86YstIywK2xFfPjbWlCuwPtMkKdz/Y4A=
go.opentelemetry.io/otel/sdk/metric v1.27.0 h1:5uGNOlpXi+Hbo/DRoI31BSb1v+OGcpv2NemcCrOL8gI=
go.opentelemetry.io/otel/sdk/metric v1.27.0/go.mod h1:we7jJVrYN2kh3mVBlswtPU22K0SA+769l93J6bsyvqw=
go.opentelemetry.io/otel/trace v1.27.0 h1:IqYb813p7cmbHk0a5y6pD5JPakbVfftRXABGt5/Rscw=
go.opentelemetry.io/otel/trace v1.27.0/go.mod h1:6RiD1hkAprV4/q+yd2ln1HG9GoPx39SuvvstaLBl+l4=
go.opentelemetry.io/proto/otlp v1.3.1 h1:TrMUixzpM0yuc/znrFTP9MMRh8trP93mkCiDVeXrui0=
go.opentelemetry.io/proto/otlp v1.3.1/go.mod h1:0X1WI4de4ZsLrrJNLAQbFeLCm3T7yBkR0XqQ7niQU+8=
go.uber.org/goleak v1.3.0 h1:2K3zAYmnTNqV73imy9J1T3WC+gmCePx2hEGkimedGto=
go.uber.org/goleak v1.3.0/go.mod h1:CoHD4mav9JJNrW/WLlf7HGZPjdw8EucARQHekz1X6bE=
golang.org/x/net v0.26.0 h1:soB7SVo0PWrY4vPW/+ay0jKDNScG2X9wFeYlXIvJsOQ=
golang.org/x/net v0.26.0/go.mod h1:5YKkiSynbBIh3p6iOc/vibscux0x38BZDkn8sCUPxHE=
golang.org/x/sync v0.7.0 h1:YsImfSBoP9QPYL0xyKJPq0gcaJdG3rInoqxTWbfQu9M=
golang.org/x/sync v0.7.0/go.mod h1:Czt+wKu1gCyEFDUtn0jG5QVvpJ6rzVqr5aXyt9drQfk=
golang.org/x/sys v0.0.0-20220811171246-fbc7d0a398ab/go.mod h1:oPkhp1MJrh7nUepCBck5+mAzfO9JrbApNNgaTdGDITg=
golang.org/x/sys v0.6.0/go.mod h1:oPkhp1MJrh7nUepCBck5+mAzfO9JrbApNNgaTdGDITg=
golang.org/x/sys v0.12.0/go.mod h1:oPkhp1MJrh7nUepCBck5+mAzfO9JrbApNNgaTdGDITg=
golang.org/x/sys v0.21.0 h1:rF+pYz3DAGSQAxAu1CbC7catZg4ebC4UIeIhKxBZvws=
golang.org/x/sys v0.21.0/go.mod h1:/VUhepiaJMQUp4+oa/7Zr1D23ma6VTLIYjOOTFZPUcA=
golang.org/x/text v0.16.0 h1:a94ExnEXNtEwYLGJSIUxnWoxoRz/ZcCsV63ROupILh4=
golang.org/x/text v0.16.0/go.mod h1:GhwF1Be+LQoKShO3cGOHzqOgRrGaYc9AvblQOmPVHnI=
golang.org/x/xerrors v0.0.0-20231012003039-104605ab7028 h1:+cNy6SZtPcJQH3LJVLOSmiC7MMxXNOb3PU/VUEz+EhU=
golang.org/x/xerrors v0.0.0-20231012003039-104605ab7028/go.mod h1:NDW/Ps6MPRej6fsCIbMTohpP40sJ/P/vI1MoTEGwX90=
google.golang.org/genproto/googleapis/api v0.0.0-20240610135401-a8a62080eff3 h1:QW9+G6Fir4VcRXVH8x3LilNAb6cxBGLa6+GM4hRwexE=
google.golang.org/genproto/googleapis/api v0.0.0-20240610135401-a8a62080eff3/go.mod h1:kdrSS/OiLkPrNUpzD4aHgCq2rVuC/YRxok32HXZ4vRE=
google.golang.org/genproto/googleapis/rpc v0.0.0-20240610135401-a8a62080eff3 h1:9Xyg6I9IWQZhRVfCWjKK+l6kI0jHcPesVlMnT//aHNo=
google.golang.org/genproto/googleapis/rpc v0.0.0-20240610135401-a8a62080eff3/go.mod h1:EfXuqaE1J41VCDicxHzUDm+8rk+7ZdXzHV0IhO/I6s0=
google.golang.org/grpc v1.64.0 h1:KH3VH9y/MgNQg1dE7b3XfVK0GsPSIzJwdF617gUSbvY=
google.golang.org/grpc v1.64.0/go.mod h1:oxjF8E3FBnjp+/gVFYdWacaLDx9na1aqy9oovLpxQYg=
google.golang.org/protobuf v1.34.2 h1:6xV6lTsCfpGD21XK49h7MhtcApnLqkfYgPcdHftf6hg=
google.golang.org/protobuf v1.34.2/go.mod h1:qYOHts0dSfpeUzUFpOMr/WGzszTmLH+DiWniOlNbLDw=
gopkg.in/yaml.v3 v3.0.1 h1:fxVm/GzAzEWqLHuvctI91KS9hhNmmWOoWu0XTYJS7CA=
gopkg.in/yaml.v3 v3.0.1/go.mod h1:K4uyk7z7BCEPqu6E+C64Yfv1cQ7kz7rIZviUmN+EgEM=
